
Microsoft Visual Studio Solution File, Format Version 12.00
# Visual Studio Version 16
VisualStudioVersion = 16.6.30114.105
MinimumVisualStudioVersion = 10.0.40219.1
Project("{FAE04EC0-301F-11D3-BF4B-00C04F79EFBC}") = "Vertical.SpectreLogger", "src\Vertical.SpectreLogger.csproj", "{87638B35-7747-4334-81AB-91943B9939E5}"
EndProject
Project("{FAE04EC0-301F-11D3-BF4B-00C04F79EFBC}") = "Vertical.SpectreLogger.Tests", "test\Vertical.SpectreLogger.Tests.csproj", "{748C91F2-B6F5-4EED-9A9C-8672A367387D}"
EndProject
Global
	GlobalSection(SolutionConfigurationPlatforms) = preSolution
		Debug|Any CPU = Debug|Any CPU
		Debug|x64 = Debug|x64
		Debug|x86 = Debug|x86
		Release|Any CPU = Release|Any CPU
		Release|x64 = Release|x64
		Release|x86 = Release|x86
	EndGlobalSection
	GlobalSection(SolutionProperties) = preSolution
		HideSolutionNode = FALSE
	EndGlobalSection
	GlobalSection(ProjectConfigurationPlatforms) = postSolution
		{87638B35-7747-4334-81AB-91943B9939E5}.Debug|Any CPU.ActiveCfg = Debug|Any CPU
		{87638B35-7747-4334-81AB-91943B9939E5}.Debug|Any CPU.Build.0 = Debug|Any CPU
		{87638B35-7747-4334-81AB-91943B9939E5}.Debug|x64.ActiveCfg = Debug|Any CPU
		{87638B35-7747-4334-81AB-91943B9939E5}.Debug|x64.Build.0 = Debug|Any CPU
		{87638B35-7747-4334-81AB-91943B9939E5}.Debug|x86.ActiveCfg = Debug|Any CPU
		{87638B35-7747-4334-81AB-91943B9939E5}.Debug|x86.Build.0 = Debug|Any CPU
		{87638B35-7747-4334-81AB-91943B9939E5}.Release|Any CPU.ActiveCfg = Release|Any CPU
		{87638B35-7747-4334-81AB-91943B9939E5}.Release|Any CPU.Build.0 = Release|Any CPU
		{87638B35-7747-4334-81AB-91943B9939E5}.Release|x64.ActiveCfg = Release|Any CPU
		{87638B35-7747-4334-81AB-91943B9939E5}.Release|x64.Build.0 = Release|Any CPU
		{87638B35-7747-4334-81AB-91943B9939E5}.Release|x86.ActiveCfg = Release|Any CPU
		{87638B35-7747-4334-81AB-91943B9939E5}.Release|x86.Build.0 = Release|Any CPU
		{748C91F2-B6F5-4EED-9A9C-8672A367387D}.Debug|Any CPU.ActiveCfg = Debug|Any CPU
		{748C91F2-B6F5-4EED-9A9C-8672A367387D}.Debug|Any CPU.Build.0 = Debug|Any CPU
		{748C91F2-B6F5-4EED-9A9C-8672A367387D}.Debug|x64.ActiveCfg = Debug|Any CPU
		{748C91F2-B6F5-4EED-9A9C-8672A367387D}.Debug|x64.Build.0 = Debug|Any CPU
		{748C91F2-B6F5-4EED-9A9C-8672A367387D}.Debug|x86.ActiveCfg = Debug|Any CPU
		{748C91F2-B6F5-4EED-9A9C-8672A367387D}.Debug|x86.Build.0 = Debug|Any CPU
		{748C91F2-B6F5-4EED-9A9C-8672A367387D}.Release|Any CPU.ActiveCfg = Release|Any CPU
		{748C91F2-B6F5-4EED-9A9C-8672A367387D}.Release|Any CPU.Build.0 = Release|Any CPU
		{748C91F2-B6F5-4EED-9A9C-8672A367387D}.Release|x64.ActiveCfg = Release|Any CPU
		{748C91F2-B6F5-4EED-9A9C-8672A367387D}.Release|x64.Build.0 = Release|Any CPU
		{748C91F2-B6F5-4EED-9A9C-8672A367387D}.Release|x86.ActiveCfg = Release|Any CPU
		{748C91F2-B6F5-4EED-9A9C-8672A367387D}.Release|x86.Build.0 = Release|Any CPU
	EndGlobalSection
EndGlobal
